// !$*UTF8*$!
{
	archiveVersion = 1;
	classes = {
	};
	objectVersion = 56;
	objects = {

/* Begin PBXBuildFile section */
		D591F4112933F8B00008BCE1 /* PhotoTableViewCell.swift in Sources */ = {isa = PBXBuildFile; fileRef = D591F4102933F8B00008BCE1 /* PhotoTableViewCell.swift */; };
		D591F41429341E750008BCE1 /* PhotoDetailViewController.swift in Sources */ = {isa = PBXBuildFile; fileRef = D591F41329341E750008BCE1 /* PhotoDetailViewController.swift */; };
		D591F41A29341F420008BCE1 /* PhotoDetail.storyboard in Resources */ = {isa = PBXBuildFile; fileRef = D591F41929341F420008BCE1 /* PhotoDetail.storyboard */; };
		D5DEEEF229321A6E007EBC0A /* AppDelegate.swift in Sources */ = {isa = PBXBuildFile; fileRef = D5DEEEF129321A6E007EBC0A /* AppDelegate.swift */; };
		D5DEEEF429321A6E007EBC0A /* SceneDelegate.swift in Sources */ = {isa = PBXBuildFile; fileRef = D5DEEEF329321A6E007EBC0A /* SceneDelegate.swift */; };
		D5DEEEF629321A6E007EBC0A /* RecentPhotosTableViewController.swift in Sources */ = {isa = PBXBuildFile; fileRef = D5DEEEF529321A6E007EBC0A /* RecentPhotosTableViewController.swift */; };
		D5DEEEF929321A6E007EBC0A /* Main.storyboard in Resources */ = {isa = PBXBuildFile; fileRef = D5DEEEF729321A6E007EBC0A /* Main.storyboard */; };
		D5DEEEFB29321A6F007EBC0A /* Assets.xcassets in Resources */ = {isa = PBXBuildFile; fileRef = D5DEEEFA29321A6F007EBC0A /* Assets.xcassets */; };
		D5DEEEFE29321A6F007EBC0A /* LaunchScreen.storyboard in Resources */ = {isa = PBXBuildFile; fileRef = D5DEEEFC29321A6F007EBC0A /* LaunchScreen.storyboard */; };
		D5E002642937ECCF00AB678F /* PhotosResponse.swift in Sources */ = {isa = PBXBuildFile; fileRef = D5E002632937ECCF00AB678F /* PhotosResponse.swift */; };
		D5E002662937ED1F00AB678F /* Photos.swift in Sources */ = {isa = PBXBuildFile; fileRef = D5E002652937ED1F00AB678F /* Photos.swift */; };
		D5E002682937EFC900AB678F /* Photo.swift in Sources */ = {isa = PBXBuildFile; fileRef = D5E002672937EFC900AB678F /* Photo.swift */; };
		D5E0026D2949F2C700AB678F /* NetworkManager.swift in Sources */ = {isa = PBXBuildFile; fileRef = D5E0026C2949F2C700AB678F /* NetworkManager.swift */; };
/* End PBXBuildFile section */

/* Begin PBXFileReference section */
		D591F4102933F8B00008BCE1 /* PhotoTableViewCell.swift */ = {isa = PBXFileReference; lastKnownFileType = sourcecode.swift; path = PhotoTableViewCell.swift; sourceTree = "<group>"; };
		D591F41329341E750008BCE1 /* PhotoDetailViewController.swift */ = {isa = PBXFileReference; lastKnownFileType = sourcecode.swift; path = PhotoDetailViewController.swift; sourceTree = "<group>"; };
		D591F41929341F420008BCE1 /* PhotoDetail.storyboard */ = {isa = PBXFileReference; lastKnownFileType = file.storyboard; path = PhotoDetail.storyboard; sourceTree = "<group>"; };
		D5DEEEEE29321A6E007EBC0A /* Flickr Client App.app */ = {isa = PBXFileReference; explicitFileType = wrapper.application; includeInIndex = 0; path = "Flickr Client App.app"; sourceTree = BUILT_PRODUCTS_DIR; };
		D5DEEEF129321A6E007EBC0A /* AppDelegate.swift */ = {isa = PBXFileReference; lastKnownFileType = sourcecode.swift; path = AppDelegate.swift; sourceTree = "<group>"; };
		D5DEEEF329321A6E007EBC0A /* SceneDelegate.swift */ = {isa = PBXFileReference; lastKnownFileType = sourcecode.swift; path = SceneDelegate.swift; sourceTree = "<group>"; };
		D5DEEEF529321A6E007EBC0A /* RecentPhotosTableViewController.swift */ = {isa = PBXFileReference; lastKnownFileType = sourcecode.swift; path = RecentPhotosTableViewController.swift; sourceTree = "<group>"; };
		D5DEEEF829321A6E007EBC0A /* Base */ = {isa = PBXFileReference; lastKnownFileType = file.storyboard; name = Base; path = Base.lproj/Main.storyboard; sourceTree = "<group>"; };
		D5DEEEFA29321A6F007EBC0A /* Assets.xcassets */ = {isa = PBXFileReference; lastKnownFileType = folder.assetcatalog; path = Assets.xcassets; sourceTree = "<group>"; };
		D5DEEEFD29321A6F007EBC0A /* Base */ = {isa = PBXFileReference; lastKnownFileType = file.storyboard; name = Base; path = Base.lproj/LaunchScreen.storyboard; sourceTree = "<group>"; };
		D5DEEEFF29321A6F007EBC0A /* Info.plist */ = {isa = PBXFileReference; lastKnownFileType = text.plist.xml; path = Info.plist; sourceTree = "<group>"; };
		D5E002632937ECCF00AB678F /* PhotosResponse.swift */ = {isa = PBXFileReference; lastKnownFileType = sourcecode.swift; path = PhotosResponse.swift; sourceTree = "<group>"; };
		D5E002652937ED1F00AB678F /* Photos.swift */ = {isa = PBXFileReference; lastKnownFileType = sourcecode.swift; path = Photos.swift; sourceTree = "<group>"; };
		D5E002672937EFC900AB678F /* Photo.swift */ = {isa = PBXFileReference; lastKnownFileType = sourcecode.swift; path = Photo.swift; sourceTree = "<group>"; };
		D5E0026C2949F2C700AB678F /* NetworkManager.swift */ = {isa = PBXFileReference; lastKnownFileType = sourcecode.swift; path = NetworkManager.swift; sourceTree = "<group>"; };
/* End PBXFileReference section */

/* Begin PBXFrameworksBuildPhase section */
		D5DEEEEB29321A6E007EBC0A /* Frameworks */ = {
			isa = PBXFrameworksBuildPhase;
			buildActionMask = 2147483647;
			files = (
			);
			runOnlyForDeploymentPostprocessing = 0;
		};
/* End PBXFrameworksBuildPhase section */

/* Begin PBXGroup section */
		D591F41229341E350008BCE1 /* Photo Detail */ = {
			isa = PBXGroup;
			children = (
				D591F41829341F300008BCE1 /* View */,
				D591F41729341EEA0008BCE1 /* Controller */,
			);
			path = "Photo Detail";
			sourceTree = "<group>";
		};
		D591F41529341E990008BCE1 /* Controller */ = {
			isa = PBXGroup;
			children = (
				D5DEEEF529321A6E007EBC0A /* RecentPhotosTableViewController.swift */,
			);
			path = Controller;
			sourceTree = "<group>";
		};
		D591F41629341EB10008BCE1 /* View */ = {
			isa = PBXGroup;
			children = (
				D5DEEEF729321A6E007EBC0A /* Main.storyboard */,
				D591F4102933F8B00008BCE1 /* PhotoTableViewCell.swift */,
			);
			path = View;
			sourceTree = "<group>";
		};
		D591F41729341EEA0008BCE1 /* Controller */ = {
			isa = PBXGroup;
			children = (
				D591F41329341E750008BCE1 /* PhotoDetailViewController.swift */,
			);
			path = Controller;
			sourceTree = "<group>";
		};
		D591F41829341F300008BCE1 /* View */ = {
			isa = PBXGroup;
			children = (
				D591F41929341F420008BCE1 /* PhotoDetail.storyboard */,
			);
			path = View;
			sourceTree = "<group>";
		};
		D5DEEEE529321A6E007EBC0A = {
			isa = PBXGroup;
			children = (
				D5DEEEF029321A6E007EBC0A /* Flickr Client App */,
				D5DEEEEF29321A6E007EBC0A /* Products */,
			);
			sourceTree = "<group>";
		};
		D5DEEEEF29321A6E007EBC0A /* Products */ = {
			isa = PBXGroup;
			children = (
				D5DEEEEE29321A6E007EBC0A /* Flickr Client App.app */,
			);
			name = Products;
			sourceTree = "<group>";
		};
		D5DEEEF029321A6E007EBC0A /* Flickr Client App */ = {
			isa = PBXGroup;
			children = (
				D5DEEF0729321B43007EBC0A /* Supporting Files */,
				D5DEEF0629321B3A007EBC0A /* Screens */,
				D5DEEF0529321B07007EBC0A /* App */,
			);
			path = "Flickr Client App";
			sourceTree = "<group>";
		};
		D5DEEF0529321B07007EBC0A /* App */ = {
			isa = PBXGroup;
			children = (
				D5E0026A2949F28500AB678F /* Core */,
				D5E002692949F26A00AB678F /* Delegate */,
			);
			path = App;
			sourceTree = "<group>";
		};
		D5DEEF0629321B3A007EBC0A /* Screens */ = {
			isa = PBXGroup;
			children = (
				D591F41229341E350008BCE1 /* Photo Detail */,
				D5DEEF0829321BD0007EBC0A /* RecentPhotos */,
			);
			path = Screens;
			sourceTree = "<group>";
		};
		D5DEEF0729321B43007EBC0A /* Supporting Files */ = {
			isa = PBXGroup;
			children = (
				D5DEEEFA29321A6F007EBC0A /* Assets.xcassets */,
				D5DEEEFC29321A6F007EBC0A /* LaunchScreen.storyboard */,
				D5DEEEFF29321A6F007EBC0A /* Info.plist */,
			);
			path = "Supporting Files";
			sourceTree = "<group>";
		};
		D5DEEF0829321BD0007EBC0A /* RecentPhotos */ = {
			isa = PBXGroup;
			children = (
				D5E002622937ECB100AB678F /* Model */,
				D591F41629341EB10008BCE1 /* View */,
				D591F41529341E990008BCE1 /* Controller */,
			);
			path = RecentPhotos;
			sourceTree = "<group>";
		};
		D5E002622937ECB100AB678F /* Model */ = {
			isa = PBXGroup;
			children = (
				D5E002632937ECCF00AB678F /* PhotosResponse.swift */,
				D5E002652937ED1F00AB678F /* Photos.swift */,
				D5E002672937EFC900AB678F /* Photo.swift */,
			);
			path = Model;
			sourceTree = "<group>";
		};
		D5E002692949F26A00AB678F /* Delegate */ = {
			isa = PBXGroup;
			children = (
				D5DEEEF129321A6E007EBC0A /* AppDelegate.swift */,
				D5DEEEF329321A6E007EBC0A /* SceneDelegate.swift */,
			);
			path = Delegate;
			sourceTree = "<group>";
		};
		D5E0026A2949F28500AB678F /* Core */ = {
			isa = PBXGroup;
			children = (
				D5E0026B2949F28E00AB678F /* Networking */,
			);
			path = Core;
			sourceTree = "<group>";
		};
		D5E0026B2949F28E00AB678F /* Networking */ = {
			isa = PBXGroup;
			children = (
				D5E0026C2949F2C700AB678F /* NetworkManager.swift */,
			);
			path = Networking;
			sourceTree = "<group>";
		};
/* End PBXGroup section */

/* Begin PBXNativeTarget section */
		D5DEEEED29321A6E007EBC0A /* Flickr Client App */ = {
			isa = PBXNativeTarget;
			buildConfigurationList = D5DEEF0229321A6F007EBC0A /* Build configuration list for PBXNativeTarget "Flickr Client App" */;
			buildPhases = (
				D5DEEEEA29321A6E007EBC0A /* Sources */,
				D5DEEEEB29321A6E007EBC0A /* Frameworks */,
				D5DEEEEC29321A6E007EBC0A /* Resources */,
			);
			buildRules = (
			);
			dependencies = (
			);
			name = "Flickr Client App";
			productName = "Flickr Client App";
			productReference = D5DEEEEE29321A6E007EBC0A /* Flickr Client App.app */;
			productType = "com.apple.product-type.application";
		};
/* End PBXNativeTarget section */

/* Begin PBXProject section */
		D5DEEEE629321A6E007EBC0A /* Project object */ = {
			isa = PBXProject;
			attributes = {
				BuildIndependentTargetsInParallel = 1;
				LastSwiftUpdateCheck = 1410;
				LastUpgradeCheck = 1410;
				TargetAttributes = {
					D5DEEEED29321A6E007EBC0A = {
						CreatedOnToolsVersion = 14.1;
					};
				};
			};
			buildConfigurationList = D5DEEEE929321A6E007EBC0A /* Build configuration list for PBXProject "Flickr Client App" */;
			compatibilityVersion = "Xcode 14.0";
			developmentRegion = en;
			hasScannedForEncodings = 0;
			knownRegions = (
				en,
				Base,
			);
			mainGroup = D5DEEEE529321A6E007EBC0A;
			productRefGroup = D5DEEEEF29321A6E007EBC0A /* Products */;
			projectDirPath = "";
			projectRoot = "";
			targets = (
				D5DEEEED29321A6E007EBC0A /* Flickr Client App */,
			);
		};
/* End PBXProject section */

/* Begin PBXResourcesBuildPhase section */
		D5DEEEEC29321A6E007EBC0A /* Resources */ = {
			isa = PBXResourcesBuildPhase;
			buildActionMask = 2147483647;
			files = (
				D5DEEEFE29321A6F007EBC0A /* LaunchScreen.storyboard in Resources */,
				D5DEEEFB29321A6F007EBC0A /* Assets.xcassets in Resources */,
				D591F41A29341F420008BCE1 /* PhotoDetail.storyboard in Resources */,
				D5DEEEF929321A6E007EBC0A /* Main.storyboard in Resources */,
			);
			runOnlyForDeploymentPostprocessing = 0;
		};
/* End PBXResourcesBuildPhase section */

/* Begin PBXSourcesBuildPhase section */
		D5DEEEEA29321A6E007EBC0A /* Sources */ = {
			isa = PBXSourcesBuildPhase;
			buildActionMask = 2147483647;
			files = (
				D5E0026D2949F2C700AB678F /* NetworkManager.swift in Sources */,
				D5E002682937EFC900AB678F /* Photo.swift in Sources */,
				D591F4112933F8B00008BCE1 /* PhotoTableViewCell.swift in Sources */,
				D5DEEEF629321A6E007EBC0A /* RecentPhotosTableViewController.swift in Sources */,
				D5DEEEF229321A6E007EBC0A /* AppDelegate.swift in Sources */,
				D5E002642937ECCF00AB678F /* PhotosResponse.swift in Sources */,
				D591F41429341E750008BCE1 /* PhotoDetailViewController.swift in Sources */,
				D5DEEEF429321A6E007EBC0A /* SceneDelegate.swift in Sources */,
				D5E002662937ED1F00AB678F /* Photos.swift in Sources */,
			);
			runOnlyForDeploymentPostprocessing = 0;
		};
/* End PBXSourcesBuildPhase section */

/* Begin PBXVariantGroup section */
		D5DEEEF729321A6E007EBC0A /* Main.storyboard */ = {
			isa = PBXVariantGroup;
			children = (
				D5DEEEF829321A6E007EBC0A /* Base */,
			);
			name = Main.storyboard;
			sourceTree = "<group>";
		};
		D5DEEEFC29321A6F007EBC0A /* LaunchScreen.storyboard */ = {
			isa = PBXVariantGroup;
			children = (
				D5DEEEFD29321A6F007EBC0A /* Base */,
			);
			name = LaunchScreen.storyboard;
			sourceTree = "<group>";
		};
/* End PBXVariantGroup section */

/* Begin XCBuildConfiguration section */
		D5DEEF0029321A6F007EBC0A /* Debug */ = {
			isa = XCBuildConfiguration;
			buildSettings = {
				ALWAYS_SEARCH_USER_PATHS = NO;
				CLANG_ANALYZER_NONNULL = YES;
				CLANG_ANALYZER_NUMBER_OBJECT_CONVERSION = YES_AGGRESSIVE;
				CLANG_CXX_LANGUAGE_STANDARD = "gnu++20";
				CLANG_ENABLE_MODULES = YES;
				CLANG_ENABLE_OBJC_ARC = YES;
				CLANG_ENABLE_OBJC_WEAK = YES;
				CLANG_WARN_BLOCK_CAPTURE_AUTORELEASING = YES;
				CLANG_WARN_BOOL_CONVERSION = YES;
				CLANG_WARN_COMMA = YES;
				CLANG_WARN_CONSTANT_CONVERSION = YES;
				CLANG_WARN_DEPRECATED_OBJC_IMPLEMENTATIONS = YES;
				CLANG_WARN_DIRECT_OBJC_ISA_USAGE = YES_ERROR;
				CLANG_WARN_DOCUMENTATION_COMMENTS = YES;
				CLANG_WARN_EMPTY_BODY = YES;
				CLANG_WARN_ENUM_CONVERSION = YES;
				CLANG_WARN_INFINITE_RECURSION = YES;
				CLANG_WARN_INT_CONVERSION = YES;
				CLANG_WARN_NON_LITERAL_NULL_CONVERSION = YES;
				CLANG_WARN_OBJC_IMPLICIT_RETAIN_SELF = YES;
				CLANG_WARN_OBJC_LITERAL_CONVERSION = YES;
				CLANG_WARN_OBJC_ROOT_CLASS = YES_ERROR;
				CLANG_WARN_QUOTED_INCLUDE_IN_FRAMEWORK_HEADER = YES;
				CLANG_WARN_RANGE_LOOP_ANALYSIS = YES;
				CLANG_WARN_STRICT_PROTOTYPES = YES;
				CLANG_WARN_SUSPICIOUS_MOVE = YES;
				CLANG_WARN_UNGUARDED_AVAILABILITY = YES_AGGRESSIVE;
				CLANG_WARN_UNREACHABLE_CODE = YES;
				CLANG_WARN__DUPLICATE_METHOD_MATCH = YES;
				COPY_PHASE_STRIP = NO;
				DEBUG_INFORMATION_FORMAT = dwarf;
				ENABLE_STRICT_OBJC_MSGSEND = YES;
				ENABLE_TESTABILITY = YES;
				GCC_C_LANGUAGE_STANDARD = gnu11;
				GCC_DYNAMIC_NO_PIC = NO;
				GCC_NO_COMMON_BLOCKS = YES;
				GCC_OPTIMIZATION_LEVEL = 0;
				GCC_PREPROCESSOR_DEFINITIONS = (
					"DEBUG=1",
					"$(inherited)",
				);
				GCC_WARN_64_TO_32_BIT_CONVERSION = YES;
				GCC_WARN_ABOUT_RETURN_TYPE = YES_ERROR;
				GCC_WARN_UNDECLARED_SELECTOR = YES;
				GCC_WARN_UNINITIALIZED_AUTOS = YES_AGGRESSIVE;
				GCC_WARN_UNUSED_FUNCTION = YES;
				GCC_WARN_UNUSED_VARIABLE = YES;
				IPHONEOS_DEPLOYMENT_TARGET = 16.1;
				MTL_ENABLE_DEBUG_INFO = INCLUDE_SOURCE;
				MTL_FAST_MATH = YES;
				ONLY_ACTIVE_ARCH = YES;
				SDKROOT = iphoneos;
				SWIFT_ACTIVE_COMPILATION_CONDITIONS = DEBUG;
				SWIFT_OPTIMIZATION_LEVEL = "-Onone";
			};
			name = Debug;
		};
		D5DEEF0129321A6F007EBC0A /* Release */ = {
			isa = XCBuildConfiguration;
			buildSettings = {
				ALWAYS_SEARCH_USER_PATHS = NO;
				CLANG_ANALYZER_NONNULL = YES;
				CLANG_ANALYZER_NUMBER_OBJECT_CONVERSION = YES_AGGRESSIVE;
				CLANG_CXX_LANGUAGE_STANDARD = "gnu++20";
				CLANG_ENABLE_MODULES = YES;
				CLANG_ENABLE_OBJC_ARC = YES;
				CLANG_ENABLE_OBJC_WEAK = YES;
				CLANG_WARN_BLOCK_CAPTURE_AUTORELEASING = YES;
				CLANG_WARN_BOOL_CONVERSION = YES;
				CLANG_WARN_COMMA = YES;
				CLANG_WARN_CONSTANT_CONVERSION = YES;
				CLANG_WARN_DEPRECATED_OBJC_IMPLEMENTATIONS = YES;
				CLANG_WARN_DIRECT_OBJC_ISA_USAGE = YES_ERROR;
				CLANG_WARN_DOCUMENTATION_COMMENTS = YES;
				CLANG_WARN_EMPTY_BODY = YES;
				CLANG_WARN_ENUM_CONVERSION = YES;
				CLANG_WARN_INFINITE_RECURSION = YES;
				CLANG_WARN_INT_CONVERSION = YES;
				CLANG_WARN_NON_LITERAL_NULL_CONVERSION = YES;
				CLANG_WARN_OBJC_IMPLICIT_RETAIN_SELF = YES;
				CLANG_WARN_OBJC_LITERAL_CONVERSION = YES;
				CLANG_WARN_OBJC_ROOT_CLASS = YES_ERROR;
				CLANG_WARN_QUOTED_INCLUDE_IN_FRAMEWORK_HEADER = YES;
				CLANG_WARN_RANGE_LOOP_ANALYSIS = YES;
				CLANG_WARN_STRICT_PROTOTYPES = YES;
				CLANG_WARN_SUSPICIOUS_MOVE = YES;
				CLANG_WARN_UNGUARDED_AVAILABILITY = YES_AGGRESSIVE;
				CLANG_WARN_UNREACHABLE_CODE = YES;
				CLANG_WARN__DUPLICATE_METHOD_MATCH = YES;
				COPY_PHASE_STRIP = NO;
				DEBUG_INFORMATION_FORMAT = "dwarf-with-dsym";
				ENABLE_NS_ASSERTIONS = NO;
				ENABLE_STRICT_OBJC_MSGSEND = YES;
				GCC_C_LANGUAGE_STANDARD = gnu11;
				GCC_NO_COMMON_BLOCKS = YES;
				GCC_WARN_64_TO_32_BIT_CONVERSION = YES;
				GCC_WARN_ABOUT_RETURN_TYPE = YES_ERROR;
				GCC_WARN_UNDECLARED_SELECTOR = YES;
				GCC_WARN_UNINITIALIZED_AUTOS = YES_AGGRESSIVE;
				GCC_WARN_UNUSED_FUNCTION = YES;
				GCC_WARN_UNUSED_VARIABLE = YES;
				IPHONEOS_DEPLOYMENT_TARGET = 16.1;
				MTL_ENABLE_DEBUG_INFO = NO;
				MTL_FAST_MATH = YES;
				SDKROOT = iphoneos;
				SWIFT_COMPILATION_MODE = wholemodule;
				SWIFT_OPTIMIZATION_LEVEL = "-O";
				VALIDATE_PRODUCT = YES;
			};
			name = Release;
		};
		D5DEEF0329321A6F007EBC0A /* Debug */ = {
			isa = XCBuildConfiguration;
			buildSettings = {
				ASSETCATALOG_COMPILER_APPICON_NAME = AppIcon;
				ASSETCATALOG_COMPILER_GLOBAL_ACCENT_COLOR_NAME = AccentColor;
				CODE_SIGN_STYLE = Automatic;
				CURRENT_PROJECT_VERSION = 1;
				GENERATE_INFOPLIST_FILE = YES;
				INFOPLIST_FILE = "Flickr Client App/Supporting Files/Info.plist";
				INFOPLIST_KEY_UIApplicationSupportsIndirectInputEvents = YES;
				INFOPLIST_KEY_UILaunchStoryboardName = LaunchScreen;
				INFOPLIST_KEY_UIMainStoryboardFile = Main;
				INFOPLIST_KEY_UISupportedInterfaceOrientations = UIInterfaceOrientationPortrait;
				INFOPLIST_KEY_UISupportedInterfaceOrientations_iPad = "UIInterfaceOrientationLandscapeLeft UIInterfaceOrientationLandscapeRight UIInterfaceOrientationPortrait UIInterfaceOrientationPortraitUpsideDown";
				IPHONEOS_DEPLOYMENT_TARGET = 15.5;
				LD_RUNPATH_SEARCH_PATHS = (
					"$(inherited)",
					"@executable_path/Frameworks",
				);
				MARKETING_VERSION = 1.0;
				PRODUCT_BUNDLE_IDENTIFIER = "com.mehmetalpso-nmez.Flickr-Client-App";
				PRODUCT_NAME = "$(TARGET_NAME)";
				SUPPORTED_PLATFORMS = "iphoneos iphonesimulator";
				SUPPORTS_MACCATALYST = NO;
				SUPPORTS_MAC_DESIGNED_FOR_IPHONE_IPAD = NO;
				SWIFT_EMIT_LOC_STRINGS = YES;
				SWIFT_VERSION = 5.0;
				TARGETED_DEVICE_FAMILY = 1;
			};
			name = Debug;
		};
		D5DEEF0429321A6F007EBC0A /* Release */ = {
			isa = XCBuildConfiguration;
			buildSettings = {
				ASSETCATALOG_COMPILER_APPICON_NAME = AppIcon;
				ASSETCATALOG_COMPILER_GLOBAL_ACCENT_COLOR_NAME = AccentColor;
				CODE_SIGN_STYLE = Automatic;
				CURRENT_PROJECT_VERSION = 1;
				GENERATE_INFOPLIST_FILE = YES;
				INFOPLIST_FILE = "Flickr Client App/Supporting Files/Info.plist";
				INFOPLIST_KEY_UIApplicationSupportsIndirectInputEvents = YES;
				INFOPLIST_KEY_UILaunchStoryboardName = LaunchScreen;
				INFOPLIST_KEY_UIMainStoryboardFile = Main;
				INFOPLIST_KEY_UISupportedInterfaceOrientations = UIInterfaceOrientationPortrait;
				INFOPLIST_KEY_UISupportedInterfaceOrientations_iPad = "UIInterfaceOrientationLandscapeLeft UIInterfaceOrientationLandscapeRight UIInterfaceOrientationPortrait UIInterfaceOrientationPortraitUpsideDown";
				IPHONEOS_DEPLOYMENT_TARGET = 15.5;
				LD_RUNPATH_SEARCH_PATHS = (
					"$(inherited)",
					"@executable_path/Frameworks",
				);
				MARKETING_VERSION = 1.0;
				PRODUCT_BUNDLE_IDENTIFIER = "com.mehmetalpso-nmez.Flickr-Client-App";
				PRODUCT_NAME = "$(TARGET_NAME)";
				SUPPORTED_PLATFORMS = "iphoneos iphonesimulator";
				SUPPORTS_MACCATALYST = NO;
				SUPPORTS_MAC_DESIGNED_FOR_IPHONE_IPAD = NO;
				SWIFT_EMIT_LOC_STRINGS = YES;
				SWIFT_VERSION = 5.0;
				TARGETED_DEVICE_FAMILY = 1;
			};
			name = Release;
		};
/* End XCBuildConfiguration section */

/* Begin XCConfigurationList section */
		D5DEEEE929321A6E007EBC0A /* Build configuration list for PBXProject "Flickr Client App" */ = {
			isa = XCConfigurationList;
			buildConfigurations = (
				D5DEEF0029321A6F007EBC0A /* Debug */,
				D5DEEF0129321A6F007EBC0A /* Release */,
			);
			defaultConfigurationIsVisible = 0;
			defaultConfigurationName = Release;
		};
		D5DEEF0229321A6F007EBC0A /* Build configuration list for PBXNativeTarget "Flickr Client App" */ = {
			isa = XCConfigurationList;
			buildConfigurations = (
				D5DEEF0329321A6F007EBC0A /* Debug */,
				D5DEEF0429321A6F007EBC0A /* Release */,
			);
			defaultConfigurationIsVisible = 0;
			defaultConfigurationName = Release;
		};
/* End XCConfigurationList section */
	};
	rootObject = D5DEEEE629321A6E007EBC0A /* Project object */;
}
